
Microsoft Visual Studio Solution File, Format Version 12.00
# Visual Studio 2012
Project("{8BC9CEB8-8B4A-11D0-8D11-00A0C91BC942}") = "spisok", "spisok\spisok.vcxproj", "{43B8B5C6-3DAF-46F2-A3B1-0B2D5511DB2B}"
EndProject
Global
	GlobalSection(SolutionConfigurationPlatforms) = preSolution
		Debug|Win32 = Debug|Win32
		Release|Win32 = Release|Win32
	EndGlobalSection
	GlobalSection(ProjectConfigurationPlatforms) = postSolution
		{43B8B5C6-3DAF-46F2-A3B1-0B2D5511DB2B}.Debug|Win32.ActiveCfg = Debug|Win32
		{43B8B5C6-3DAF-46F2-A3B1-0B2D5511DB2B}.Debug|Win32.Build.0 = Debug|Win32
		{43B8B5C6-3DAF-46F2-A3B1-0B2D5511DB2B}.Release|Win32.ActiveCfg = Release|Win32
		{43B8B5C6-3DAF-46F2-A3B1-0B2D5511DB2B}.Release|Win32.Build.0 = Release|Win32
	EndGlobalSection
	GlobalSection(SolutionProperties) = preSolution
		HideSolutionNode = FALSE
	EndGlobalSection
EndGlobal
